
Microsoft Visual Studio Solution File, Format Version 12.00
# Visual Studio 14
VisualStudioVersion = 14.0.25420.1
MinimumVisualStudioVersion = 10.0.40219.1
Project("{FAE04EC0-301F-11D3-BF4B-00C04F79EFBC}") = "01_GetVillainNames", "01_GetVillainNames\01_GetVillainNames.csproj", "{C4E5605B-FE4F-4DE8-AA65-CA20742005D0}"
EndProject
Project("{FAE04EC0-301F-11D3-BF4B-00C04F79EFBC}") = "02_GetMinionNames", "02_GetMinionNames\02_GetMinionNames.csproj", "{335F4CAA-58BA-4025-93DE-9C1D949C1ECF}"
EndProject
Project("{FAE04EC0-301F-11D3-BF4B-00C04F79EFBC}") = "03_AddMinion", "03_AddMinion\03_AddMinion.csproj", "{F4F7D003-E0F2-4415-B49D-4E02A4BC1B46}"
EndProject
Project("{FAE04EC0-301F-11D3-BF4B-00C04F79EFBC}") = "04_ChangeTownNamesCasing", "04_ChangeTownNamesCasing\04_ChangeTownNamesCasing.csproj", "{DD6446D5-7893-4544-B079-BB87FE1727A1}"
EndProject
Project("{FAE04EC0-301F-11D3-BF4B-00C04F79EFBC}") = "05_RemoveVillain", "05_RemoveVillain\05_RemoveVillain.csproj", "{1E504321-CB42-4C27-A686-6021C33C0B84}"
EndProject
Project("{FAE04EC0-301F-11D3-BF4B-00C04F79EFBC}") = "06_PrintAllMinionsNames", "06_PrintAllMinionsNames\06_PrintAllMinionsNames.csproj", "{7E41CBE4-DB0D-453A-A46C-8AF492D0BF4E}"
EndProject
Project("{FAE04EC0-301F-11D3-BF4B-00C04F79EFBC}") = "07_IncreaseMinionsAge", "07_IncreaseMinionsAge\07_IncreaseMinionsAge.csproj", "{EC1A171D-C1BE-418E-975C-2AEADB295593}"
EndProject
Project("{FAE04EC0-301F-11D3-BF4B-00C04F79EFBC}") = "08_IncreaseAgeStoredProcedure", "08_IncreaseAgeStoredProcedure\08_IncreaseAgeStoredProcedure.csproj", "{0D7D5ABE-86A9-4C30-A480-B10F27F8FFA8}"
EndProject
Global
	GlobalSection(SolutionConfigurationPlatforms) = preSolution
		Debug|Any CPU = Debug|Any CPU
		Release|Any CPU = Release|Any CPU
	EndGlobalSection
	GlobalSection(ProjectConfigurationPlatforms) = postSolution
		{C4E5605B-FE4F-4DE8-AA65-CA20742005D0}.Debug|Any CPU.ActiveCfg = Debug|Any CPU
		{C4E5605B-FE4F-4DE8-AA65-CA20742005D0}.Debug|Any CPU.Build.0 = Debug|Any CPU
		{C4E5605B-FE4F-4DE8-AA65-CA20742005D0}.Release|Any CPU.ActiveCfg = Release|Any CPU
		{C4E5605B-FE4F-4DE8-AA65-CA20742005D0}.Release|Any CPU.Build.0 = Release|Any CPU
		{335F4CAA-58BA-4025-93DE-9C1D949C1ECF}.Debug|Any CPU.ActiveCfg = Debug|Any CPU
		{335F4CAA-58BA-4025-93DE-9C1D949C1ECF}.Debug|Any CPU.Build.0 = Debug|Any CPU
		{335F4CAA-58BA-4025-93DE-9C1D949C1ECF}.Release|Any CPU.ActiveCfg = Release|Any CPU
		{335F4CAA-58BA-4025-93DE-9C1D949C1ECF}.Release|Any CPU.Build.0 = Release|Any CPU
		{F4F7D003-E0F2-4415-B49D-4E02A4BC1B46}.Debug|Any CPU.ActiveCfg = Debug|Any CPU
		{F4F7D003-E0F2-4415-B49D-4E02A4BC1B46}.Debug|Any CPU.Build.0 = Debug|Any CPU
		{F4F7D003-E0F2-4415-B49D-4E02A4BC1B46}.Release|Any CPU.ActiveCfg = Release|Any CPU
		{F4F7D003-E0F2-4415-B49D-4E02A4BC1B46}.Release|Any CPU.Build.0 = Release|Any CPU
		{DD6446D5-7893-4544-B079-BB87FE1727A1}.Debug|Any CPU.ActiveCfg = Debug|Any CPU
		{DD6446D5-7893-4544-B079-BB87FE1727A1}.Debug|Any CPU.Build.0 = Debug|Any CPU
		{DD6446D5-7893-4544-B079-BB87FE1727A1}.Release|Any CPU.ActiveCfg = Release|Any CPU
		{DD6446D5-7893-4544-B079-BB87FE1727A1}.Release|Any CPU.Build.0 = Release|Any CPU
		{1E504321-CB42-4C27-A686-6021C33C0B84}.Debug|Any CPU.ActiveCfg = Debug|Any CPU
		{1E504321-CB42-4C27-A686-6021C33C0B84}.Debug|Any CPU.Build.0 = Debug|Any CPU
		{1E504321-CB42-4C27-A686-6021C33C0B84}.Release|Any CPU.ActiveCfg = Release|Any CPU
		{1E504321-CB42-4C27-A686-6021C33C0B84}.Release|Any CPU.Build.0 = Release|Any CPU
		{7E41CBE4-DB0D-453A-A46C-8AF492D0BF4E}.Debug|Any CPU.ActiveCfg = Debug|Any CPU
		{7E41CBE4-DB0D-453A-A46C-8AF492D0BF4E}.Debug|Any CPU.Build.0 = Debug|Any CPU
		{7E41CBE4-DB0D-453A-A46C-8AF492D0BF4E}.Release|Any CPU.ActiveCfg = Release|Any CPU
		{7E41CBE4-DB0D-453A-A46C-8AF492D0BF4E}.Release|Any CPU.Build.0 = Release|Any CPU
		{EC1A171D-C1BE-418E-975C-2AEADB295593}.Debug|Any CPU.ActiveCfg = Debug|Any CPU
		{EC1A171D-C1BE-418E-975C-2AEADB295593}.Debug|Any CPU.Build.0 = Debug|Any CPU
		{EC1A171D-C1BE-418E-975C-2AEADB295593}.Release|Any CPU.ActiveCfg = Release|Any CPU
		{EC1A171D-C1BE-418E-975C-2AEADB295593}.Release|Any CPU.Build.0 = Release|Any CPU
		{0D7D5ABE-86A9-4C30-A480-B10F27F8FFA8}.Debug|Any CPU.ActiveCfg = Debug|Any CPU
		{0D7D5ABE-86A9-4C30-A480-B10F27F8FFA8}.Debug|Any CPU.Build.0 = Debug|Any CPU
		{0D7D5ABE-86A9-4C30-A480-B10F27F8FFA8}.Release|Any CPU.ActiveCfg = Release|Any CPU
		{0D7D5ABE-86A9-4C30-A480-B10F27F8FFA8}.Release|Any CPU.Build.0 = Release|Any CPU
	EndGlobalSection
	GlobalSection(SolutionProperties) = preSolution
		HideSolutionNode = FALSE
	EndGlobalSection
EndGlobal
